
Microsoft Visual Studio Solution File, Format Version 12.00
# Visual Studio Version 17
VisualStudioVersion = 17.5.33414.496
MinimumVisualStudioVersion = 10.0.40219.1
Project("{9A19103F-16F7-4668-BE54-9A1E7A4F7556}") = "FA.JustBlog.UI", "FA.JustBlog.UI\FA.JustBlog.UI.csproj", "{AF98C49C-7964-4C03-96F2-3D7627BD6223}"
EndProject
Project("{FAE04EC0-301F-11D3-BF4B-00C04F79EFBC}") = "FA.JustBlog.Core", "FA.JustBlog.Core\FA.JustBlog.Core.csproj", "{D388750D-B173-4D20-BE2C-D828EF40C270}"
EndProject
Global
	GlobalSection(SolutionConfigurationPlatforms) = preSolution
		Debug|Any CPU = Debug|Any CPU
		Release|Any CPU = Release|Any CPU
	EndGlobalSection
	GlobalSection(ProjectConfigurationPlatforms) = postSolution
		{AF98C49C-7964-4C03-96F2-3D7627BD6223}.Debug|Any CPU.ActiveCfg = Debug|Any CPU
		{AF98C49C-7964-4C03-96F2-3D7627BD6223}.Debug|Any CPU.Build.0 = Debug|Any CPU
		{AF98C49C-7964-4C03-96F2-3D7627BD6223}.Release|Any CPU.ActiveCfg = Release|Any CPU
		{AF98C49C-7964-4C03-96F2-3D7627BD6223}.Release|Any CPU.Build.0 = Release|Any CPU
		{D388750D-B173-4D20-BE2C-D828EF40C270}.Debug|Any CPU.ActiveCfg = Debug|Any CPU
		{D388750D-B173-4D20-BE2C-D828EF40C270}.Debug|Any CPU.Build.0 = Debug|Any CPU
		{D388750D-B173-4D20-BE2C-D828EF40C270}.Release|Any CPU.ActiveCfg = Release|Any CPU
		{D388750D-B173-4D20-BE2C-D828EF40C270}.Release|Any CPU.Build.0 = Release|Any CPU
	EndGlobalSection
	GlobalSection(SolutionProperties) = preSolution
		HideSolutionNode = FALSE
	EndGlobalSection
	GlobalSection(ExtensibilityGlobals) = postSolution
		SolutionGuid = {D24AAAA0-50C8-46C5-87ED-18361EE5D8DF}
	EndGlobalSection
EndGlobal
